
Microsoft Visual Studio Solution File, Format Version 12.00
# Visual Studio Version 17
VisualStudioVersion = 17.2.32516.85
MinimumVisualStudioVersion = 10.0.40219.1
Project("{8BC9CEB8-8B4A-11D0-8D11-00A0C91BC942}") = "Vector Database", "Vector Database\Vector Database.vcxproj", "{DCCE4520-1436-4D65-B88D-6F9E029A420B}"
EndProject
Global
	GlobalSection(SolutionConfigurationPlatforms) = preSolution
		Debug|x64 = Debug|x64
		Debug|x86 = Debug|x86
		Release|x64 = Release|x64
		Release|x86 = Release|x86
	EndGlobalSection
	GlobalSection(ProjectConfigurationPlatforms) = postSolution
		{DCCE4520-1436-4D65-B88D-6F9E029A420B}.Debug|x64.ActiveCfg = Debug|x64
		{DCCE4520-1436-4D65-B88D-6F9E029A420B}.Debug|x64.Build.0 = Debug|x64
		{DCCE4520-1436-4D65-B88D-6F9E029A420B}.Debug|x86.ActiveCfg = Debug|Win32
		{DCCE4520-1436-4D65-B88D-6F9E029A420B}.Debug|x86.Build.0 = Debug|Win32
		{DCCE4520-1436-4D65-B88D-6F9E029A420B}.Release|x64.ActiveCfg = Release|x64
		{DCCE4520-1436-4D65-B88D-6F9E029A420B}.Release|x64.Build.0 = Release|x64
		{DCCE4520-1436-4D65-B88D-6F9E029A420B}.Release|x86.ActiveCfg = Release|Win32
		{DCCE4520-1436-4D65-B88D-6F9E029A420B}.Release|x86.Build.0 = Release|Win32
	EndGlobalSection
	GlobalSection(SolutionProperties) = preSolution
		HideSolutionNode = FALSE
	EndGlobalSection
	GlobalSection(ExtensibilityGlobals) = postSolution
		SolutionGuid = {BCE69F05-45C6-4EEB-A4F7-13646A250AE9}
	EndGlobalSection
EndGlobal
